{
  "nodes": {
    "nixpkgs": {
      "locked": {
        "lastModified": 1664753041,
        "narHash": "sha256-0ogaD8PaGHluARFeupofvk1Nq9gpVeZdlFM0Kcwguys=",
        "owner": "NixOS",
        "repo": "nixpkgs",
        "rev": "a62844b302507c7531ad68a86cb7aa54704c9cb4",
        "type": "github"
      },
      "original": {
        "id": "nixpkgs",
        "type": "indirect"
      }
    },
    "root": {
      "inputs": {
        "nixpkgs": "nixpkgs"
      }
    }
  },
  "root": "root",
  "version": 7
}
