{
  "nodes": {
    "nixpkgs": {
      "locked": {
        "lastModified": 1722957468,
        "narHash": "sha256-SQ0TCC4aklOhN/OzcztrKqDLY8SjpIZcyvTulzhDXs0=",
        "owner": "NixOS",
        "repo": "nixpkgs",
        "rev": "2a13929e1f191b3690dd2f2db13098b04adb9043",
        "type": "github"
      },
      "original": {
        "id": "nixpkgs",
        "type": "indirect"
      }
    },
    "root": {
      "inputs": {
        "nixpkgs": "nixpkgs"
      }
    }
  },
  "root": "root",
  "version": 7
}
