{
  "nodes": {
    "nixpkgs": {
      "locked": {
        "lastModified": 1692494774,
        "narHash": "sha256-noGVoOTyZ2Kr5OFglzKYOX48cx3hggdCPbXrYMG2FDw=",
        "owner": "NixOS",
        "repo": "nixpkgs",
        "rev": "3476a10478587dec90acb14ec6bde0966c545cc0",
        "type": "github"
      },
      "original": {
        "id": "nixpkgs",
        "type": "indirect"
      }
    },
    "root": {
      "inputs": {
        "nixpkgs": "nixpkgs"
      }
    }
  },
  "root": "root",
  "version": 7
}
