cloud.google.com/go v0.30.0 h1:xKvyLgk56d0nksWq49J0UyGEeUIicTl4+UBiX1NPX9g=
cloud.google.com/go v0.30.0/go.mod h1:aQUYkXzVsufM+DwF1aE+0xfcU+56JwCaLick0ClmMTw=
github.com/BurntSushi/toml v0.3.1 h1:WXkYYl6Yr3qBf1K79EBnL4mak0OimBfB0XUf9Vl28OQ=
github.com/BurntSushi/toml v0.3.1/go.mod h1:xHWCNGjB5oqiDr8zfno3MHue2Ht5sIBksp03qcyfWMU=
github.com/davecgh/go-spew v1.1.1 h1:vj9j/u1bqnvCEfJOwUhtlOARqs3+rkHYY13jYWTU97c=
github.com/davecgh/go-spew v1.1.1/go.mod h1:J7Y8YcW2NihsgmVo/mv3lAwl/skON4iLHjSsI+c5H38=
github.com/denisenkom/go-mssqldb v0.0.0-20180901172138-1eb28afdf9b6 h1:BZGp1dbKFjqlGmxEpwkDpCWNxVwEYnUPoncIzLiHlPo=
github.com/denisenkom/go-mssqldb v0.0.0-20180901172138-1eb28afdf9b6/go.mod h1:xN/JuLBIz4bjkxNmByTiV1IbhfnYb6oo99phBn4Eqhc=
github.com/dgrijalva/jwt-go v0.0.0-20170608005149-a539ee1a749a h1:nmYyGtn9AO7FCeZ2tHr1ZWjJAHi6SfGB3o80F8o7EbA=
github.com/dgrijalva/jwt-go v0.0.0-20170608005149-a539ee1a749a/go.mod h1:E3ru+11k8xSBh+hMPgOLZmtrrCbhqsmaPHjLKYnJCaQ=
github.com/fsnotify/fsnotify v1.4.7 h1:IXs+QLmnXW2CcXuY+8Mzv/fWEsPGWxqefPtCP5CnV9I=
github.com/fsnotify/fsnotify v1.4.7/go.mod h1:jwhsz4b93w/PPRr/qN1Yymfu8t87LnFCMoQvtojpjFo=
github.com/garyburd/redigo v1.6.0 h1:0VruCpn7yAIIu7pWVClQC8wxCJEcG3nyzpMSHKi1PQc=
github.com/garyburd/redigo v1.6.0/go.mod h1:NR3MbYisc3/PwhQ00EMzDiPmrwpPxAn5GI05/YaO1SY=
github.com/go-sql-driver/mysql v0.0.0-20171007150158-ee359f95877b h1:/CMGgAYard7jx9+bI7tUIqafFDR7Pv2BRu2Tb5dDaqM=
github.com/go-sql-driver/mysql v0.0.0-20171007150158-ee359f95877b/go.mod h1:zAC/RDZ24gD3HViQzih4MyKcchzm+sOG5ZlKdlhCg5w=
github.com/go-xorm/builder v0.0.0-20170519032130-c8871c857d25 h1:jUX9yw6+iKrs/WuysV2M6ap/ObK/07SE/a7I2uxitwM=
github.com/go-xorm/builder v0.0.0-20170519032130-c8871c857d25/go.mod h1:M+P3wv0K2C+ynucGDEqJCeOTc+6DcAtiiqU8GrCksXY=
github.com/go-xorm/core v0.5.8 h1:vQ0ghlVGnlnFmm4SpHY+xNnPlH810paMcw+Hwz9BCqE=
github.com/go-xorm/core v0.5.8/go.mod h1:d8FJ9Br8OGyQl12MCclmYBuBqqxsyeedpXciV5Myih8=
github.com/go-xorm/tests v0.5.6 h1:E4nmVkKfHQAm+i2/pmOJ5JUej6sORVcvwl6/LQybif4=
github.com/go-xorm/tests v0.5.6/go.mod h1:s8J/EnVBcXQR93dN7Jy6Dwlo92HUP5nTgKWF1wGeCDg=
github.com/go-xorm/xorm v0.0.0-20170930012613-29d4a0330a00 h1:jlA1XEj8QHl6my6FUkHwRCGu/J5hQ1zkW7RqULZ2XGc=
github.com/go-xorm/xorm v0.0.0-20170930012613-29d4a0330a00/go.mod h1:i7qRPD38xj/v75UV+a9pEzr5tfRaH2ndJfwt/fGbQhs=
github.com/go-xorm/xorm-redis-cache v0.0.0-20180727005610-859b313566b2 h1:57QbyUkFcFjipHJQstYR5owRxsQzgD8/OAO/hr4yl/E=
github.com/go-xorm/xorm-redis-cache v0.0.0-20180727005610-859b313566b2/go.mod h1:xxK9FGkFXrau9/vGdDYSOyQfSgKXBV7iHXpQfNuv6B0=
github.com/google/go-cmp v0.2.0 h1:+dTQ8DZQJz0Mb/HjFlkptS1FeQ4cWSnN941F8aEG4SQ=
github.com/google/go-cmp v0.2.0/go.mod h1:oXzfMopK8JAjlY9xF4vHSVASa0yLyX7SntLO5aqRK0M=
github.com/hashicorp/hcl v1.0.0 h1:0Anlzjpi4vEasTeNFn2mLJgTSwt0+6sfsiTG8qcWGx4=
github.com/hashicorp/hcl v1.0.0/go.mod h1:E5yfLk+7swimpb2L/Alb/PJmXilQ/rhwaUYs4T20WEQ=
github.com/imdario/mergo v0.3.6 h1:xTNEAn+kxVO7dTZGu0CegyqKZmoWFI0rF8UxjlB2d28=
github.com/imdario/mergo v0.3.6/go.mod h1:2EnlNZ0deacrJVfApfmtdGgDfMuh/nq6Ok1EcJh5FfA=
github.com/joho/godotenv v1.3.0 h1:Zjp+RcGpHhGlrMbJzXTrZZPrWj+1vfm90La1wgB6Bhc=
github.com/joho/godotenv v1.3.0/go.mod h1:7hK45KPybAkOC6peb+G5yklZfMxEjkZhHbwpqxOKXbg=
github.com/labstack/echo v3.1.0+incompatible h1:kb0CCZ0boaiGsZOqR9E9+GDpQEoIaKClVqqo0+/hzbM=
github.com/labstack/echo v3.1.0+incompatible/go.mod h1:0INS7j/VjnFxD4E2wkz67b8cVwCLbBmJyDaka6Cmk1s=
github.com/labstack/gommon v0.0.0-20170925052817-57409ada9da0 h1:kcJPx2Ug9owxOsVfuXPCludLaIudyI57YQd6ocyrO4o=
github.com/labstack/gommon v0.0.0-20170925052817-57409ada9da0/go.mod h1:/tj9csK2iPSBvn+3NLM9e52usepMtrd5ilFYA+wQNJ4=
github.com/lib/pq v1.0.0 h1:X5PMW56eZitiTeO7tKzZxFCSpbFZJtkMMooicw2us9A=
github.com/lib/pq v1.0.0/go.mod h1:5WUZQaWbwv1U+lTReE5YruASi9Al49XbQIvNi/34Woo=
github.com/magiconair/properties v1.8.0 h1:LLgXmsheXeRoUOBOjtwPQCWIYqM/LU1ayDtDePerRcY=
github.com/magiconair/properties v1.8.0/go.mod h1:PppfXfuXeibc/6YijjN8zIbojt8czPbwD3XqdrwzmxQ=
github.com/mattn/go-colorable v0.0.0-20170816031813-ad5389df28cd h1:eYiiP5pgdf+n78BU5JFWt7yI2bpxW31L/R5Rrk8vLgs=
github.com/mattn/go-colorable v0.0.0-20170816031813-ad5389df28cd/go.mod h1:9vuHe8Xs5qXnSaW/c/ABM9alt+Vo+STaOChaDxuIBZU=
github.com/mattn/go-isatty v0.0.0-20170925054904-a5cdd64afdee h1:tUyoJR5V1TdXnTh9v8c1YAHvDdut2+zkuyUX3gAY/wI=
github.com/mattn/go-isatty v0.0.0-20170925054904-a5cdd64afdee/go.mod h1:M+lRXTBqGeGNdLjl/ufCoiOlB5xdOkqRJdNxMWT7Zi4=
github.com/mattn/go-oci8 v0.0.0-20181011085415-1a014d1384b5 h1:+IPgoz43mdEYG5lrqNcjr3DQpAE38SqHtyx1IsqqQGM=
github.com/mattn/go-oci8 v0.0.0-20181011085415-1a014d1384b5/go.mod h1:/M9VLO+lUPmxvoOK2PfWRZ8mTtB4q1Hy9lEGijv9Nr8=
github.com/mattn/go-sqlite3 v1.9.0 h1:pDRiWfl+++eC2FEFRy6jXmQlvp4Yh3z1MJKg4UeYM/4=
github.com/mattn/go-sqlite3 v1.9.0/go.mod h1:FPy6KqzDD04eiIsT53CuJW3U88zkxoIYsOqkbpncsNc=
github.com/mitchellh/mapstructure v1.0.0 h1:vVpGvMXJPqSDh2VYHF7gsfQj8Ncx+Xw5Y1KHeTRY+7I=
github.com/mitchellh/mapstructure v1.0.0/go.mod h1:FVVH3fgwuzCH5S8UJGiWEs2h04kUh9fWfEaFds41c1Y=
github.com/op/go-logging v0.0.0-20160211212156-b2cb9fa56473 h1:J1QZwDXgZ4dJD2s19iqR9+U00OWM2kDzbf1O/fmvCWg=
github.com/op/go-logging v0.0.0-20160211212156-b2cb9fa56473/go.mod h1:HzydrMdWErDVzsI23lYNej1Htcns9BCg93Dk0bBINWk=
github.com/pelletier/go-toml v1.2.0 h1:T5zMGML61Wp+FlcbWjRDT7yAxhJNAiPPLOFECq181zc=
github.com/pelletier/go-toml v1.2.0/go.mod h1:5z9KED0ma1S8pY6P1sdut58dfprrGBbd/94hg7ilaic=
github.com/pmezard/go-difflib v1.0.0 h1:4DBwDE0NGyQoBHbLQYPwSUPoCMWR5BEzIk/f1lZbAQM=
github.com/pmezard/go-difflib v1.0.0/go.mod h1:iKH77koFhYxTK1pcRnkKkqfTogsbg7gZNVY4sRDYZ/4=
github.com/spf13/afero v1.1.2 h1:m8/z1t7/fwjysjQRYbP0RD+bUIF/8tJwPdEZsI83ACI=
github.com/spf13/afero v1.1.2/go.mod h1:j4pytiNVoe2o6bmDsKpLACNPDBIoEAkihy7loJ1B0CQ=
github.com/spf13/cast v1.2.0 h1:HHl1DSRbEQN2i8tJmtS6ViPyHx35+p51amrdsiTCrkg=
github.com/spf13/cast v1.2.0/go.mod h1:r2rcYCSwa1IExKTDiTfzaxqT2FNHs8hODu4LnUfgKEg=
github.com/spf13/jwalterweatherman v1.0.0 h1:XHEdyB+EcvlqZamSM4ZOMGlc93t6AcsBEu9Gc1vn7yk=
github.com/spf13/jwalterweatherman v1.0.0/go.mod h1:cQK4TGJAtQXfYWX+Ddv3mKDzgVb68N+wFjFa4jdeBTo=
github.com/spf13/pflag v1.0.2 h1:Fy0orTDgHdbnzHcsOgfCN4LtHf0ec3wwtiwJqwvf3Gc=
github.com/spf13/pflag v1.0.2/go.mod h1:DYY7MBk1bdzusC3SYhjObp+wFpr4gzcvqqNjLnInEg4=
github.com/spf13/viper v1.2.0 h1:M4Rzxlu+RgU4pyBRKhKaVN1VeYOm8h2jgyXnAseDgCc=
github.com/spf13/viper v1.2.0/go.mod h1:P4AexN0a+C9tGAnUFNwDMYYZv3pjFuvmeiMyKRaNVlI=
github.com/stretchr/testify v0.0.0-20171231124224-87b1dfb5b2fa h1:ws/U/9eA/uVBX3BckIHVlYLtQLuWodrnpPBuL8Q0N1E=
github.com/stretchr/testify v0.0.0-20171231124224-87b1dfb5b2fa/go.mod h1:a8OnRcib4nhh0OaRAV+Yts87kKdq0PP7pXfy6kDkUVs=
github.com/valyala/bytebufferpool v1.0.0 h1:GqA5TC/0021Y/b9FG4Oi9Mr3q7XYx6KllzawFIhcdPw=
github.com/valyala/bytebufferpool v1.0.0/go.mod h1:6bBcMArwyJ5K/AmCkWv1jt77kVWyCJ6HpOuEn7z0Csc=
github.com/valyala/fasttemplate v0.0.0-20170224212429-dcecefd839c4 h1:gKMu1Bf6QINDnvyZuTaACm9ofY+PRh+5vFz4oxBZeF8=
github.com/valyala/fasttemplate v0.0.0-20170224212429-dcecefd839c4/go.mod h1:50wTf68f99/Zt14pr046Tgt3Lp2vLyFZKzbFXTOabXw=
github.com/ziutek/mymysql v1.5.4 h1:GB0qdRGsTwQSBVYuVShFBKaXSnSnYYC2d9knnE1LHFs=
github.com/ziutek/mymysql v1.5.4/go.mod h1:LMSpPZ6DbqWFxNCHW77HeMg9I646SAhApZ/wKdgO/C0=
golang.org/x/crypto v0.0.0-20170930174604-9419663f5a44 h1:9lP3x0pW80sDI6t1UMSLA4to18W7R7imwAI/sWS9S8Q=
golang.org/x/crypto v0.0.0-20170930174604-9419663f5a44/go.mod h1:6SG95UA2DQfeDnfUPMdvaQW0Q7yPrPDi9nlGo2tz2b4=
golang.org/x/sys v0.0.0-20180906133057-8cf3aee42992 h1:BH3eQWeGbwRU2+wxxuuPOdFBmaiBH81O8BugSjHeTFg=
golang.org/x/sys v0.0.0-20180906133057-8cf3aee42992/go.mod h1:STP8DvDyc/dI5b8T5hshtkjS+E42TnysNCUPdjciGhY=
golang.org/x/text v0.3.0 h1:g61tztE5qeGQ89tm6NTjjM9VPIm088od1l6aSorWRWg=
golang.org/x/text v0.3.0/go.mod h1:NqM8EUOU14njkJ3fqMW+pc6Ldnwhi/IjpwHt7yyuwOQ=
gopkg.in/check.v1 v0.0.0-20161208181325-20d25e280405 h1:yhCVgyC4o1eVCa2tZl7eS0r+SDo693bJlVdllGtEeKM=
gopkg.in/check.v1 v0.0.0-20161208181325-20d25e280405/go.mod h1:Co6ibVJAznAaIkqp8huTwlJQCZ016jof/cbN4VW5Yz0=
gopkg.in/testfixtures.v2 v2.4.5 h1:mnfYPBNoJnis+4crs6UzC4lv4GjTVoLXE9B/tW802q0=
gopkg.in/testfixtures.v2 v2.4.5/go.mod h1:vyAq+MYCgNpR29qitQdLZhdbLFf4mR/2MFJRFoQZZ2M=
gopkg.in/yaml.v2 v2.2.1 h1:mUhvW9EsL+naU5Q3cakzfE91YhliOondGd6ZrsDBHQE=
gopkg.in/yaml.v2 v2.2.1/go.mod h1:hI93XBmqTisBFMUTm0b8Fm+jr3Dg1NNxqwp+5A1VGuI=
